// !$*UTF8*$!
{
	archiveVersion = 1;
	classes = {
	};
	objectVersion = 55;
	objects = {

/* Begin PBXBuildFile section */
		D5435D0327393C7C0096D2CB /* AppDelegate.swift in Sources */ = {isa = PBXBuildFile; fileRef = D5435D0227393C7C0096D2CB /* AppDelegate.swift */; };
		D5435D0527393C7C0096D2CB /* SceneDelegate.swift in Sources */ = {isa = PBXBuildFile; fileRef = D5435D0427393C7C0096D2CB /* SceneDelegate.swift */; };
		D5435D0727393C7C0096D2CB /* HomeViewController.swift in Sources */ = {isa = PBXBuildFile; fileRef = D5435D0627393C7C0096D2CB /* HomeViewController.swift */; };
		D5435D0A27393C7C0096D2CB /* Home.storyboard in Resources */ = {isa = PBXBuildFile; fileRef = D5435D0827393C7C0096D2CB /* Home.storyboard */; };
		D5435D0C27393C7E0096D2CB /* Assets.xcassets in Resources */ = {isa = PBXBuildFile; fileRef = D5435D0B27393C7E0096D2CB /* Assets.xcassets */; };
		D5435D0F27393C7E0096D2CB /* LaunchScreen.storyboard in Resources */ = {isa = PBXBuildFile; fileRef = D5435D0D27393C7E0096D2CB /* LaunchScreen.storyboard */; };
		D5435D1827393CC50096D2CB /* Realm in Frameworks */ = {isa = PBXBuildFile; productRef = D5435D1727393CC50096D2CB /* Realm */; };
		D5435D1A27393CC50096D2CB /* RealmSwift in Frameworks */ = {isa = PBXBuildFile; productRef = D5435D1927393CC50096D2CB /* RealmSwift */; };
		D5435D1E273940E70096D2CB /* EditMemo.storyboard in Resources */ = {isa = PBXBuildFile; fileRef = D5435D1D273940E70096D2CB /* EditMemo.storyboard */; };
		D5435D202739416C0096D2CB /* EditMemoViewController.swift in Sources */ = {isa = PBXBuildFile; fileRef = D5435D1F2739416C0096D2CB /* EditMemoViewController.swift */; };
		D5435D22273943E90096D2CB /* Main.storyboard in Resources */ = {isa = PBXBuildFile; fileRef = D5435D21273943E90096D2CB /* Main.storyboard */; };
		D5435D25273944E70096D2CB /* MemoTableViewCell.swift in Sources */ = {isa = PBXBuildFile; fileRef = D5435D23273944E70096D2CB /* MemoTableViewCell.swift */; };
		D5435D26273944E70096D2CB /* MemoTableViewCell.xib in Resources */ = {isa = PBXBuildFile; fileRef = D5435D24273944E70096D2CB /* MemoTableViewCell.xib */; };
		D5435D29273948D30096D2CB /* RealmModel.swift in Sources */ = {isa = PBXBuildFile; fileRef = D5435D28273948D30096D2CB /* RealmModel.swift */; };
		D5435D2B273948DA0096D2CB /* RealmQuery.swift in Sources */ = {isa = PBXBuildFile; fileRef = D5435D2A273948DA0096D2CB /* RealmQuery.swift */; };
		D5A303CA273B9B0900013C2D /* Date+Extension.swift in Sources */ = {isa = PBXBuildFile; fileRef = D5A303C9273B9B0900013C2D /* Date+Extension.swift */; };
		D5A303CC273E292300013C2D /* UIFont+Extension.swift in Sources */ = {isa = PBXBuildFile; fileRef = D5A303CB273E292300013C2D /* UIFont+Extension.swift */; };
		D5A303CE273E2D1500013C2D /* Number+Extension.swift in Sources */ = {isa = PBXBuildFile; fileRef = D5A303CD273E2D1500013C2D /* Number+Extension.swift */; };
		D5A303D0273E403000013C2D /* WelcomePopUp.storyboard in Resources */ = {isa = PBXBuildFile; fileRef = D5A303CF273E403000013C2D /* WelcomePopUp.storyboard */; };
		D5A303D2273E419A00013C2D /* WelcomePopUpViewController.swift in Sources */ = {isa = PBXBuildFile; fileRef = D5A303D1273E419A00013C2D /* WelcomePopUpViewController.swift */; };
		D5A303D5273E4A0D00013C2D /* Toast in Frameworks */ = {isa = PBXBuildFile; productRef = D5A303D4273E4A0D00013C2D /* Toast */; };
/* End PBXBuildFile section */

/* Begin PBXFileReference section */
		D5435CFF27393C7C0096D2CB /* Memo app.app */ = {isa = PBXFileReference; explicitFileType = wrapper.application; includeInIndex = 0; path = "Memo app.app"; sourceTree = BUILT_PRODUCTS_DIR; };
		D5435D0227393C7C0096D2CB /* AppDelegate.swift */ = {isa = PBXFileReference; lastKnownFileType = sourcecode.swift; path = AppDelegate.swift; sourceTree = "<group>"; };
		D5435D0427393C7C0096D2CB /* SceneDelegate.swift */ = {isa = PBXFileReference; lastKnownFileType = sourcecode.swift; path = SceneDelegate.swift; sourceTree = "<group>"; };
		D5435D0627393C7C0096D2CB /* HomeViewController.swift */ = {isa = PBXFileReference; lastKnownFileType = sourcecode.swift; path = HomeViewController.swift; sourceTree = "<group>"; };
		D5435D0927393C7C0096D2CB /* Base */ = {isa = PBXFileReference; lastKnownFileType = file.storyboard; name = Base; path = Base.lproj/Home.storyboard; sourceTree = "<group>"; };
		D5435D0B27393C7E0096D2CB /* Assets.xcassets */ = {isa = PBXFileReference; lastKnownFileType = folder.assetcatalog; path = Assets.xcassets; sourceTree = "<group>"; };
		D5435D0E27393C7E0096D2CB /* Base */ = {isa = PBXFileReference; lastKnownFileType = file.storyboard; name = Base; path = Base.lproj/LaunchScreen.storyboard; sourceTree = "<group>"; };
		D5435D1027393C7E0096D2CB /* Info.plist */ = {isa = PBXFileReference; lastKnownFileType = text.plist.xml; path = Info.plist; sourceTree = "<group>"; };
		D5435D1D273940E70096D2CB /* EditMemo.storyboard */ = {isa = PBXFileReference; lastKnownFileType = file.storyboard; path = EditMemo.storyboard; sourceTree = "<group>"; };
		D5435D1F2739416C0096D2CB /* EditMemoViewController.swift */ = {isa = PBXFileReference; lastKnownFileType = sourcecode.swift; path = EditMemoViewController.swift; sourceTree = "<group>"; };
		D5435D21273943E90096D2CB /* Main.storyboard */ = {isa = PBXFileReference; lastKnownFileType = file.storyboard; path = Main.storyboard; sourceTree = "<group>"; };
		D5435D23273944E70096D2CB /* MemoTableViewCell.swift */ = {isa = PBXFileReference; lastKnownFileType = sourcecode.swift; name = MemoTableViewCell.swift; path = "Memo app/StoryBoard/MemoTableViewCell.swift"; sourceTree = SOURCE_ROOT; };
		D5435D24273944E70096D2CB /* MemoTableViewCell.xib */ = {isa = PBXFileReference; lastKnownFileType = file.xib; name = MemoTableViewCell.xib; path = "Memo app/StoryBoard/MemoTableViewCell.xib"; sourceTree = SOURCE_ROOT; };
		D5435D28273948D30096D2CB /* RealmModel.swift */ = {isa = PBXFileReference; lastKnownFileType = sourcecode.swift; path = RealmModel.swift; sourceTree = "<group>"; };
		D5435D2A273948DA0096D2CB /* RealmQuery.swift */ = {isa = PBXFileReference; lastKnownFileType = sourcecode.swift; path = RealmQuery.swift; sourceTree = "<group>"; };
		D5A303C9273B9B0900013C2D /* Date+Extension.swift */ = {isa = PBXFileReference; lastKnownFileType = sourcecode.swift; path = "Date+Extension.swift"; sourceTree = "<group>"; };
		D5A303CB273E292300013C2D /* UIFont+Extension.swift */ = {isa = PBXFileReference; lastKnownFileType = sourcecode.swift; path = "UIFont+Extension.swift"; sourceTree = "<group>"; };
		D5A303CD273E2D1500013C2D /* Number+Extension.swift */ = {isa = PBXFileReference; lastKnownFileType = sourcecode.swift; path = "Number+Extension.swift"; sourceTree = "<group>"; };
		D5A303CF273E403000013C2D /* WelcomePopUp.storyboard */ = {isa = PBXFileReference; lastKnownFileType = file.storyboard; path = WelcomePopUp.storyboard; sourceTree = "<group>"; };
		D5A303D1273E419A00013C2D /* WelcomePopUpViewController.swift */ = {isa = PBXFileReference; lastKnownFileType = sourcecode.swift; name = WelcomePopUpViewController.swift; path = "Memo app/StoryBoard/WelcomePopUpViewController.swift"; sourceTree = SOURCE_ROOT; };
/* End PBXFileReference section */

/* Begin PBXFrameworksBuildPhase section */
		D5435CFC27393C7C0096D2CB /* Frameworks */ = {
			isa = PBXFrameworksBuildPhase;
			buildActionMask = 2147483647;
			files = (
				D5A303D5273E4A0D00013C2D /* Toast in Frameworks */,
				D5435D1A27393CC50096D2CB /* RealmSwift in Frameworks */,
				D5435D1827393CC50096D2CB /* Realm in Frameworks */,
			);
			runOnlyForDeploymentPostprocessing = 0;
		};
/* End PBXFrameworksBuildPhase section */

/* Begin PBXGroup section */
		D5435CF627393C7C0096D2CB = {
			isa = PBXGroup;
			children = (
				D5435D0127393C7C0096D2CB /* Memo app */,
				D5435D0027393C7C0096D2CB /* Products */,
			);
			sourceTree = "<group>";
		};
		D5435D0027393C7C0096D2CB /* Products */ = {
			isa = PBXGroup;
			children = (
				D5435CFF27393C7C0096D2CB /* Memo app.app */,
			);
			name = Products;
			sourceTree = "<group>";
		};
		D5435D0127393C7C0096D2CB /* Memo app */ = {
			isa = PBXGroup;
			children = (
				D5A303C8273B9AFE00013C2D /* Extension */,
				D5435D27273948C60096D2CB /* Realm */,
				D5435D1C27393CE10096D2CB /* ViewController */,
				D5435D1B27393CD10096D2CB /* StoryBoard */,
				D5435D0227393C7C0096D2CB /* AppDelegate.swift */,
				D5435D0427393C7C0096D2CB /* SceneDelegate.swift */,
				D5435D0B27393C7E0096D2CB /* Assets.xcassets */,
				D5435D0D27393C7E0096D2CB /* LaunchScreen.storyboard */,
				D5435D1027393C7E0096D2CB /* Info.plist */,
			);
			path = "Memo app";
			sourceTree = "<group>";
		};
		D5435D1B27393CD10096D2CB /* StoryBoard */ = {
			isa = PBXGroup;
			children = (
				D5435D0827393C7C0096D2CB /* Home.storyboard */,
				D5435D1D273940E70096D2CB /* EditMemo.storyboard */,
				D5435D21273943E90096D2CB /* Main.storyboard */,
				D5A303CF273E403000013C2D /* WelcomePopUp.storyboard */,
			);
			path = StoryBoard;
			sourceTree = "<group>";
		};
		D5435D1C27393CE10096D2CB /* ViewController */ = {
			isa = PBXGroup;
			children = (
				D5A303D1273E419A00013C2D /* WelcomePopUpViewController.swift */,
				D5435D23273944E70096D2CB /* MemoTableViewCell.swift */,
				D5435D24273944E70096D2CB /* MemoTableViewCell.xib */,
				D5435D1F2739416C0096D2CB /* EditMemoViewController.swift */,
				D5435D0627393C7C0096D2CB /* HomeViewController.swift */,
			);
			path = ViewController;
			sourceTree = "<group>";
		};
		D5435D27273948C60096D2CB /* Realm */ = {
			isa = PBXGroup;
			children = (
				D5435D28273948D30096D2CB /* RealmModel.swift */,
				D5435D2A273948DA0096D2CB /* RealmQuery.swift */,
			);
			path = Realm;
			sourceTree = "<group>";
		};
		D5A303C8273B9AFE00013C2D /* Extension */ = {
			isa = PBXGroup;
			children = (
				D5A303C9273B9B0900013C2D /* Date+Extension.swift */,
				D5A303CB273E292300013C2D /* UIFont+Extension.swift */,
				D5A303CD273E2D1500013C2D /* Number+Extension.swift */,
			);
			path = Extension;
			sourceTree = "<group>";
		};
/* End PBXGroup section */

/* Begin PBXNativeTarget section */
		D5435CFE27393C7C0096D2CB /* Memo app */ = {
			isa = PBXNativeTarget;
			buildConfigurationList = D5435D1327393C7E0096D2CB /* Build configuration list for PBXNativeTarget "Memo app" */;
			buildPhases = (
				D5435CFB27393C7C0096D2CB /* Sources */,
				D5435CFC27393C7C0096D2CB /* Frameworks */,
				D5435CFD27393C7C0096D2CB /* Resources */,
			);
			buildRules = (
			);
			dependencies = (
			);
			name = "Memo app";
			packageProductDependencies = (
				D5435D1727393CC50096D2CB /* Realm */,
				D5435D1927393CC50096D2CB /* RealmSwift */,
				D5A303D4273E4A0D00013C2D /* Toast */,
			);
			productName = "Memo app";
			productReference = D5435CFF27393C7C0096D2CB /* Memo app.app */;
			productType = "com.apple.product-type.application";
		};
/* End PBXNativeTarget section */

/* Begin PBXProject section */
		D5435CF727393C7C0096D2CB /* Project object */ = {
			isa = PBXProject;
			attributes = {
				BuildIndependentTargetsInParallel = 1;
				LastSwiftUpdateCheck = 1300;
				LastUpgradeCheck = 1300;
				TargetAttributes = {
					D5435CFE27393C7C0096D2CB = {
						CreatedOnToolsVersion = 13.0;
					};
				};
			};
			buildConfigurationList = D5435CFA27393C7C0096D2CB /* Build configuration list for PBXProject "Memo app" */;
			compatibilityVersion = "Xcode 13.0";
			developmentRegion = en;
			hasScannedForEncodings = 0;
			knownRegions = (
				en,
				Base,
			);
			mainGroup = D5435CF627393C7C0096D2CB;
			packageReferences = (
				D5435D1627393CC50096D2CB /* XCRemoteSwiftPackageReference "realm-cocoa" */,
				D5A303D3273E4A0D00013C2D /* XCRemoteSwiftPackageReference "Toast-Swift" */,
			);
			productRefGroup = D5435D0027393C7C0096D2CB /* Products */;
			projectDirPath = "";
			projectRoot = "";
			targets = (
				D5435CFE27393C7C0096D2CB /* Memo app */,
			);
		};
/* End PBXProject section */

/* Begin PBXResourcesBuildPhase section */
		D5435CFD27393C7C0096D2CB /* Resources */ = {
			isa = PBXResourcesBuildPhase;
			buildActionMask = 2147483647;
			files = (
				D5435D0F27393C7E0096D2CB /* LaunchScreen.storyboard in Resources */,
				D5A303D0273E403000013C2D /* WelcomePopUp.storyboard in Resources */,
				D5435D22273943E90096D2CB /* Main.storyboard in Resources */,
				D5435D0C27393C7E0096D2CB /* Assets.xcassets in Resources */,
				D5435D26273944E70096D2CB /* MemoTableViewCell.xib in Resources */,
				D5435D1E273940E70096D2CB /* EditMemo.storyboard in Resources */,
				D5435D0A27393C7C0096D2CB /* Home.storyboard in Resources */,
			);
			runOnlyForDeploymentPostprocessing = 0;
		};
/* End PBXResourcesBuildPhase section */

/* Begin PBXSourcesBuildPhase section */
		D5435CFB27393C7C0096D2CB /* Sources */ = {
			isa = PBXSourcesBuildPhase;
			buildActionMask = 2147483647;
			files = (
				D5435D25273944E70096D2CB /* MemoTableViewCell.swift in Sources */,
				D5435D29273948D30096D2CB /* RealmModel.swift in Sources */,
				D5435D2B273948DA0096D2CB /* RealmQuery.swift in Sources */,
				D5435D0727393C7C0096D2CB /* HomeViewController.swift in Sources */,
				D5435D0327393C7C0096D2CB /* AppDelegate.swift in Sources */,
				D5A303CA273B9B0900013C2D /* Date+Extension.swift in Sources */,
				D5A303CE273E2D1500013C2D /* Number+Extension.swift in Sources */,
				D5A303CC273E292300013C2D /* UIFont+Extension.swift in Sources */,
				D5A303D2273E419A00013C2D /* WelcomePopUpViewController.swift in Sources */,
				D5435D202739416C0096D2CB /* EditMemoViewController.swift in Sources */,
				D5435D0527393C7C0096D2CB /* SceneDelegate.swift in Sources */,
			);
			runOnlyForDeploymentPostprocessing = 0;
		};
/* End PBXSourcesBuildPhase section */

/* Begin PBXVariantGroup section */
		D5435D0827393C7C0096D2CB /* Home.storyboard */ = {
			isa = PBXVariantGroup;
			children = (
				D5435D0927393C7C0096D2CB /* Base */,
			);
			name = Home.storyboard;
			sourceTree = "<group>";
		};
		D5435D0D27393C7E0096D2CB /* LaunchScreen.storyboard */ = {
			isa = PBXVariantGroup;
			children = (
				D5435D0E27393C7E0096D2CB /* Base */,
			);
			name = LaunchScreen.storyboard;
			sourceTree = "<group>";
		};
/* End PBXVariantGroup section */

/* Begin XCBuildConfiguration section */
		D5435D1127393C7E0096D2CB /* Debug */ = {
			isa = XCBuildConfiguration;
			buildSettings = {
				ALWAYS_SEARCH_USER_PATHS = NO;
				CLANG_ANALYZER_NONNULL = YES;
				CLANG_ANALYZER_NUMBER_OBJECT_CONVERSION = YES_AGGRESSIVE;
				CLANG_CXX_LANGUAGE_STANDARD = "gnu++17";
				CLANG_CXX_LIBRARY = "libc++";
				CLANG_ENABLE_MODULES = YES;
				CLANG_ENABLE_OBJC_ARC = YES;
				CLANG_ENABLE_OBJC_WEAK = YES;
				CLANG_WARN_BLOCK_CAPTURE_AUTORELEASING = YES;
				CLANG_WARN_BOOL_CONVERSION = YES;
				CLANG_WARN_COMMA = YES;
				CLANG_WARN_CONSTANT_CONVERSION = YES;
				CLANG_WARN_DEPRECATED_OBJC_IMPLEMENTATIONS = YES;
				CLANG_WARN_DIRECT_OBJC_ISA_USAGE = YES_ERROR;
				CLANG_WARN_DOCUMENTATION_COMMENTS = YES;
				CLANG_WARN_EMPTY_BODY = YES;
				CLANG_WARN_ENUM_CONVERSION = YES;
				CLANG_WARN_INFINITE_RECURSION = YES;
				CLANG_WARN_INT_CONVERSION = YES;
				CLANG_WARN_NON_LITERAL_NULL_CONVERSION = YES;
				CLANG_WARN_OBJC_IMPLICIT_RETAIN_SELF = YES;
				CLANG_WARN_OBJC_LITERAL_CONVERSION = YES;
				CLANG_WARN_OBJC_ROOT_CLASS = YES_ERROR;
				CLANG_WARN_QUOTED_INCLUDE_IN_FRAMEWORK_HEADER = YES;
				CLANG_WARN_RANGE_LOOP_ANALYSIS = YES;
				CLANG_WARN_STRICT_PROTOTYPES = YES;
				CLANG_WARN_SUSPICIOUS_MOVE = YES;
				CLANG_WARN_UNGUARDED_AVAILABILITY = YES_AGGRESSIVE;
				CLANG_WARN_UNREACHABLE_CODE = YES;
				CLANG_WARN__DUPLICATE_METHOD_MATCH = YES;
				COPY_PHASE_STRIP = NO;
				DEBUG_INFORMATION_FORMAT = dwarf;
				ENABLE_STRICT_OBJC_MSGSEND = YES;
				ENABLE_TESTABILITY = YES;
				GCC_C_LANGUAGE_STANDARD = gnu11;
				GCC_DYNAMIC_NO_PIC = NO;
				GCC_NO_COMMON_BLOCKS = YES;
				GCC_OPTIMIZATION_LEVEL = 0;
				GCC_PREPROCESSOR_DEFINITIONS = (
					"DEBUG=1",
					"$(inherited)",
				);
				GCC_WARN_64_TO_32_BIT_CONVERSION = YES;
				GCC_WARN_ABOUT_RETURN_TYPE = YES_ERROR;
				GCC_WARN_UNDECLARED_SELECTOR = YES;
				GCC_WARN_UNINITIALIZED_AUTOS = YES_AGGRESSIVE;
				GCC_WARN_UNUSED_FUNCTION = YES;
				GCC_WARN_UNUSED_VARIABLE = YES;
				IPHONEOS_DEPLOYMENT_TARGET = 15.0;
				MTL_ENABLE_DEBUG_INFO = INCLUDE_SOURCE;
				MTL_FAST_MATH = YES;
				ONLY_ACTIVE_ARCH = YES;
				SDKROOT = iphoneos;
				SWIFT_ACTIVE_COMPILATION_CONDITIONS = DEBUG;
				SWIFT_OPTIMIZATION_LEVEL = "-Onone";
			};
			name = Debug;
		};
		D5435D1227393C7E0096D2CB /* Release */ = {
			isa = XCBuildConfiguration;
			buildSettings = {
				ALWAYS_SEARCH_USER_PATHS = NO;
				CLANG_ANALYZER_NONNULL = YES;
				CLANG_ANALYZER_NUMBER_OBJECT_CONVERSION = YES_AGGRESSIVE;
				CLANG_CXX_LANGUAGE_STANDARD = "gnu++17";
				CLANG_CXX_LIBRARY = "libc++";
				CLANG_ENABLE_MODULES = YES;
				CLANG_ENABLE_OBJC_ARC = YES;
				CLANG_ENABLE_OBJC_WEAK = YES;
				CLANG_WARN_BLOCK_CAPTURE_AUTORELEASING = YES;
				CLANG_WARN_BOOL_CONVERSION = YES;
				CLANG_WARN_COMMA = YES;
				CLANG_WARN_CONSTANT_CONVERSION = YES;
				CLANG_WARN_DEPRECATED_OBJC_IMPLEMENTATIONS = YES;
				CLANG_WARN_DIRECT_OBJC_ISA_USAGE = YES_ERROR;
				CLANG_WARN_DOCUMENTATION_COMMENTS = YES;
				CLANG_WARN_EMPTY_BODY = YES;
				CLANG_WARN_ENUM_CONVERSION = YES;
				CLANG_WARN_INFINITE_RECURSION = YES;
				CLANG_WARN_INT_CONVERSION = YES;
				CLANG_WARN_NON_LITERAL_NULL_CONVERSION = YES;
				CLANG_WARN_OBJC_IMPLICIT_RETAIN_SELF = YES;
				CLANG_WARN_OBJC_LITERAL_CONVERSION = YES;
				CLANG_WARN_OBJC_ROOT_CLASS = YES_ERROR;
				CLANG_WARN_QUOTED_INCLUDE_IN_FRAMEWORK_HEADER = YES;
				CLANG_WARN_RANGE_LOOP_ANALYSIS = YES;
				CLANG_WARN_STRICT_PROTOTYPES = YES;
				CLANG_WARN_SUSPICIOUS_MOVE = YES;
				CLANG_WARN_UNGUARDED_AVAILABILITY = YES_AGGRESSIVE;
				CLANG_WARN_UNREACHABLE_CODE = YES;
				CLANG_WARN__DUPLICATE_METHOD_MATCH = YES;
				COPY_PHASE_STRIP = NO;
				DEBUG_INFORMATION_FORMAT = "dwarf-with-dsym";
				ENABLE_NS_ASSERTIONS = NO;
				ENABLE_STRICT_OBJC_MSGSEND = YES;
				GCC_C_LANGUAGE_STANDARD = gnu11;
				GCC_NO_COMMON_BLOCKS = YES;
				GCC_WARN_64_TO_32_BIT_CONVERSION = YES;
				GCC_WARN_ABOUT_RETURN_TYPE = YES_ERROR;
				GCC_WARN_UNDECLARED_SELECTOR = YES;
				GCC_WARN_UNINITIALIZED_AUTOS = YES_AGGRESSIVE;
				GCC_WARN_UNUSED_FUNCTION = YES;
				GCC_WARN_UNUSED_VARIABLE = YES;
				IPHONEOS_DEPLOYMENT_TARGET = 15.0;
				MTL_ENABLE_DEBUG_INFO = NO;
				MTL_FAST_MATH = YES;
				SDKROOT = iphoneos;
				SWIFT_COMPILATION_MODE = wholemodule;
				SWIFT_OPTIMIZATION_LEVEL = "-O";
				VALIDATE_PRODUCT = YES;
			};
			name = Release;
		};
		D5435D1427393C7E0096D2CB /* Debug */ = {
			isa = XCBuildConfiguration;
			buildSettings = {
				ASSETCATALOG_COMPILER_APPICON_NAME = AppIcon;
				ASSETCATALOG_COMPILER_GLOBAL_ACCENT_COLOR_NAME = AccentColor;
				CODE_SIGN_STYLE = Automatic;
				CURRENT_PROJECT_VERSION = 1;
				DEVELOPMENT_TEAM = SJDR485DTV;
				GENERATE_INFOPLIST_FILE = YES;
				INFOPLIST_FILE = "Memo app/Info.plist";
				INFOPLIST_KEY_UIApplicationSupportsIndirectInputEvents = YES;
				INFOPLIST_KEY_UILaunchStoryboardName = LaunchScreen;
				INFOPLIST_KEY_UIMainStoryboardFile = Main;
				INFOPLIST_KEY_UISupportedInterfaceOrientations = UIInterfaceOrientationPortrait;
				INFOPLIST_KEY_UISupportedInterfaceOrientations_iPad = "UIInterfaceOrientationPortrait UIInterfaceOrientationPortraitUpsideDown UIInterfaceOrientationLandscapeLeft UIInterfaceOrientationLandscapeRight";
				INFOPLIST_KEY_UISupportedInterfaceOrientations_iPhone = "UIInterfaceOrientationPortrait UIInterfaceOrientationLandscapeLeft UIInterfaceOrientationLandscapeRight";
				LD_RUNPATH_SEARCH_PATHS = (
					"$(inherited)",
					"@executable_path/Frameworks",
				);
				MARKETING_VERSION = 1.0;
				PRODUCT_BUNDLE_IDENTIFIER = "com.kangho.Memo-app";
				PRODUCT_NAME = "$(TARGET_NAME)";
				SWIFT_EMIT_LOC_STRINGS = YES;
				SWIFT_VERSION = 5.0;
				TARGETED_DEVICE_FAMILY = 1;
			};
			name = Debug;
		};
		D5435D1527393C7E0096D2CB /* Release */ = {
			isa = XCBuildConfiguration;
			buildSettings = {
				ASSETCATALOG_COMPILER_APPICON_NAME = AppIcon;
				ASSETCATALOG_COMPILER_GLOBAL_ACCENT_COLOR_NAME = AccentColor;
				CODE_SIGN_STYLE = Automatic;
				CURRENT_PROJECT_VERSION = 1;
				DEVELOPMENT_TEAM = SJDR485DTV;
				GENERATE_INFOPLIST_FILE = YES;
				INFOPLIST_FILE = "Memo app/Info.plist";
				INFOPLIST_KEY_UIApplicationSupportsIndirectInputEvents = YES;
				INFOPLIST_KEY_UILaunchStoryboardName = LaunchScreen;
				INFOPLIST_KEY_UIMainStoryboardFile = Main;
				INFOPLIST_KEY_UISupportedInterfaceOrientations = UIInterfaceOrientationPortrait;
				INFOPLIST_KEY_UISupportedInterfaceOrientations_iPad = "UIInterfaceOrientationPortrait UIInterfaceOrientationPortraitUpsideDown UIInterfaceOrientationLandscapeLeft UIInterfaceOrientationLandscapeRight";
				INFOPLIST_KEY_UISupportedInterfaceOrientations_iPhone = "UIInterfaceOrientationPortrait UIInterfaceOrientationLandscapeLeft UIInterfaceOrientationLandscapeRight";
				LD_RUNPATH_SEARCH_PATHS = (
					"$(inherited)",
					"@executable_path/Frameworks",
				);
				MARKETING_VERSION = 1.0;
				PRODUCT_BUNDLE_IDENTIFIER = "com.kangho.Memo-app";
				PRODUCT_NAME = "$(TARGET_NAME)";
				SWIFT_EMIT_LOC_STRINGS = YES;
				SWIFT_VERSION = 5.0;
				TARGETED_DEVICE_FAMILY = 1;
			};
			name = Release;
		};
/* End XCBuildConfiguration section */

/* Begin XCConfigurationList section */
		D5435CFA27393C7C0096D2CB /* Build configuration list for PBXProject "Memo app" */ = {
			isa = XCConfigurationList;
			buildConfigurations = (
				D5435D1127393C7E0096D2CB /* Debug */,
				D5435D1227393C7E0096D2CB /* Release */,
			);
			defaultConfigurationIsVisible = 0;
			defaultConfigurationName = Release;
		};
		D5435D1327393C7E0096D2CB /* Build configuration list for PBXNativeTarget "Memo app" */ = {
			isa = XCConfigurationList;
			buildConfigurations = (
				D5435D1427393C7E0096D2CB /* Debug */,
				D5435D1527393C7E0096D2CB /* Release */,
			);
			defaultConfigurationIsVisible = 0;
			defaultConfigurationName = Release;
		};
/* End XCConfigurationList section */

/* Begin XCRemoteSwiftPackageReference section */
		D5435D1627393CC50096D2CB /* XCRemoteSwiftPackageReference "realm-cocoa" */ = {
			isa = XCRemoteSwiftPackageReference;
			repositoryURL = "https://github.com/realm/realm-cocoa.git";
			requirement = {
				branch = master;
				kind = branch;
			};
		};
		D5A303D3273E4A0D00013C2D /* XCRemoteSwiftPackageReference "Toast-Swift" */ = {
			isa = XCRemoteSwiftPackageReference;
			repositoryURL = "https://github.com/scalessec/Toast-Swift.git";
			requirement = {
				kind = upToNextMajorVersion;
				minimumVersion = 5.0.0;
			};
		};
/* End XCRemoteSwiftPackageReference section */

/* Begin XCSwiftPackageProductDependency section */
		D5435D1727393CC50096D2CB /* Realm */ = {
			isa = XCSwiftPackageProductDependency;
			package = D5435D1627393CC50096D2CB /* XCRemoteSwiftPackageReference "realm-cocoa" */;
			productName = Realm;
		};
		D5435D1927393CC50096D2CB /* RealmSwift */ = {
			isa = XCSwiftPackageProductDependency;
			package = D5435D1627393CC50096D2CB /* XCRemoteSwiftPackageReference "realm-cocoa" */;
			productName = RealmSwift;
		};
		D5A303D4273E4A0D00013C2D /* Toast */ = {
			isa = XCSwiftPackageProductDependency;
			package = D5A303D3273E4A0D00013C2D /* XCRemoteSwiftPackageReference "Toast-Swift" */;
			productName = Toast;
		};
/* End XCSwiftPackageProductDependency section */
	};
	rootObject = D5435CF727393C7C0096D2CB /* Project object */;
}
